
Microsoft Visual Studio Solution File, Format Version 12.00
# Visual Studio Version 17
VisualStudioVersion = 17.9.34723.18
MinimumVisualStudioVersion = 10.0.40219.1
Project("{FAE04EC0-301F-11D3-BF4B-00C04F79EFBC}") = "Pharmacy", "Pharmacy\Pharmacy.csproj", "{D42DBFB5-846C-4155-8014-C7F809D4E328}"
EndProject
Global
	GlobalSection(SolutionConfigurationPlatforms) = preSolution
		Debug|Any CPU = Debug|Any CPU
		Release|Any CPU = Release|Any CPU
	EndGlobalSection
	GlobalSection(ProjectConfigurationPlatforms) = postSolution
		{D42DBFB5-846C-4155-8014-C7F809D4E328}.Debug|Any CPU.ActiveCfg = Debug|Any CPU
		{D42DBFB5-846C-4155-8014-C7F809D4E328}.Debug|Any CPU.Build.0 = Debug|Any CPU
		{D42DBFB5-846C-4155-8014-C7F809D4E328}.Release|Any CPU.ActiveCfg = Release|Any CPU
		{D42DBFB5-846C-4155-8014-C7F809D4E328}.Release|Any CPU.Build.0 = Release|Any CPU
	EndGlobalSection
	GlobalSection(SolutionProperties) = preSolution
		HideSolutionNode = FALSE
	EndGlobalSection
	GlobalSection(ExtensibilityGlobals) = postSolution
		SolutionGuid = {255707BC-922C-4DB4-A6FE-E204828F58A0}
	EndGlobalSection
EndGlobal
